
Microsoft Visual Studio Solution File, Format Version 12.00
# Visual Studio 2012
Project("{8BC9CEB8-8B4A-11D0-8D11-00A0C91BC942}") = "HonApp", "OpenGLT1\OpenGLT1.vcxproj", "{EB91F033-170E-433E-BF19-075D48876DC5}"
EndProject
Global
	GlobalSection(SolutionConfigurationPlatforms) = preSolution
		Debug|Win32 = Debug|Win32
		Release|Win32 = Release|Win32
	EndGlobalSection
	GlobalSection(ProjectConfigurationPlatforms) = postSolution
		{EB91F033-170E-433E-BF19-075D48876DC5}.Debug|Win32.ActiveCfg = Debug|Win32
		{EB91F033-170E-433E-BF19-075D48876DC5}.Debug|Win32.Build.0 = Debug|Win32
		{EB91F033-170E-433E-BF19-075D48876DC5}.Release|Win32.ActiveCfg = Release|Win32
		{EB91F033-170E-433E-BF19-075D48876DC5}.Release|Win32.Build.0 = Release|Win32
	EndGlobalSection
	GlobalSection(SolutionProperties) = preSolution
		HideSolutionNode = FALSE
	EndGlobalSection
EndGlobal
